{
  "name": "frontend",
  "lockfileVersion": 3,
  "requires": true,
  "packages": {
    "": {
      "dependencies": {
        "@lottiefiles/dotlottie-web": "^0.52.1"
      }
    },
    "node_modules/@lottiefiles/dotlottie-web": {
      "version": "0.52.1",
      "resolved": "https://registry.npmjs.org/@lottiefiles/dotlottie-web/-/dotlottie-web-0.52.1.tgz",
      "integrity": "sha512-R44ZKjdT9LPGMu6GXfdRFu1327quUkkdIBOiPsOU6vRpROotYmJYMhBtjoJWRPbkIXo3Qge0gyU4UMpELQje5A==",
      "license": "MIT"
    }
  }
}
